
Microsoft Visual Studio Solution File, Format Version 12.00
# Visual Studio 14
VisualStudioVersion = 14.0.25420.1
MinimumVisualStudioVersion = 10.0.40219.1
Project("{FAE04EC0-301F-11D3-BF4B-00C04F79EFBC}") = "Phonebook", "Phonebook\Phonebook.csproj", "{5B77F9E5-E2C1-4A2A-9935-F6B05CDBEE64}"
EndProject
Project("{FAE04EC0-301F-11D3-BF4B-00C04F79EFBC}") = "Phonebook-Upgraded", "Phonebook-Upgraded\Phonebook-Upgraded.csproj", "{B8562B8D-98B8-4864-9D86-DD1574758951}"
EndProject
Project("{FAE04EC0-301F-11D3-BF4B-00C04F79EFBC}") = "MinerTask", "MinerTask\MinerTask.csproj", "{0628F5C6-A693-4241-952B-9D1CB96567EA}"
EndProject
Project("{FAE04EC0-301F-11D3-BF4B-00C04F79EFBC}") = "FixEmails", "FixEmails\FixEmails.csproj", "{020E958B-E48A-486B-99F8-9388991980A8}"
EndProject
Global
	GlobalSection(SolutionConfigurationPlatforms) = preSolution
		Debug|Any CPU = Debug|Any CPU
		Release|Any CPU = Release|Any CPU
	EndGlobalSection
	GlobalSection(ProjectConfigurationPlatforms) = postSolution
		{5B77F9E5-E2C1-4A2A-9935-F6B05CDBEE64}.Debug|Any CPU.ActiveCfg = Debug|Any CPU
		{5B77F9E5-E2C1-4A2A-9935-F6B05CDBEE64}.Debug|Any CPU.Build.0 = Debug|Any CPU
		{5B77F9E5-E2C1-4A2A-9935-F6B05CDBEE64}.Release|Any CPU.ActiveCfg = Release|Any CPU
		{5B77F9E5-E2C1-4A2A-9935-F6B05CDBEE64}.Release|Any CPU.Build.0 = Release|Any CPU
		{B8562B8D-98B8-4864-9D86-DD1574758951}.Debug|Any CPU.ActiveCfg = Debug|Any CPU
		{B8562B8D-98B8-4864-9D86-DD1574758951}.Debug|Any CPU.Build.0 = Debug|Any CPU
		{B8562B8D-98B8-4864-9D86-DD1574758951}.Release|Any CPU.ActiveCfg = Release|Any CPU
		{B8562B8D-98B8-4864-9D86-DD1574758951}.Release|Any CPU.Build.0 = Release|Any CPU
		{0628F5C6-A693-4241-952B-9D1CB96567EA}.Debug|Any CPU.ActiveCfg = Debug|Any CPU
		{0628F5C6-A693-4241-952B-9D1CB96567EA}.Debug|Any CPU.Build.0 = Debug|Any CPU
		{0628F5C6-A693-4241-952B-9D1CB96567EA}.Release|Any CPU.ActiveCfg = Release|Any CPU
		{0628F5C6-A693-4241-952B-9D1CB96567EA}.Release|Any CPU.Build.0 = Release|Any CPU
		{020E958B-E48A-486B-99F8-9388991980A8}.Debug|Any CPU.ActiveCfg = Debug|Any CPU
		{020E958B-E48A-486B-99F8-9388991980A8}.Debug|Any CPU.Build.0 = Debug|Any CPU
		{020E958B-E48A-486B-99F8-9388991980A8}.Release|Any CPU.ActiveCfg = Release|Any CPU
		{020E958B-E48A-486B-99F8-9388991980A8}.Release|Any CPU.Build.0 = Release|Any CPU
	EndGlobalSection
	GlobalSection(SolutionProperties) = preSolution
		HideSolutionNode = FALSE
	EndGlobalSection
EndGlobal
